{
  "lockfileVersion": 1,
  "workspaces": {
    "": {
      "name": "@metorial/mcp-containers",
    },
    "packages/canonicalize": {
      "name": "@metorial-mcp-containers/canonicalize",
      "version": "1.0.0",
    },
    "packages/case": {
      "name": "@metorial-mcp-containers/case",
      "version": "1.0.0",
    },
    "packages/cleanup": {
      "name": "@metorial-mcp-containers/cleanup",
      "version": "1.0.0",
    },
    "packages/delay": {
      "name": "@metorial-mcp-containers/delay",
      "version": "1.0.0",
    },
    "packages/id": {
      "name": "@metorial-mcp-containers/id",
      "version": "1.0.0",
      "dependencies": {
        "nanoid": "^5.1.5",
      },
    },
    "packages/manifest": {
      "name": "@metorial-mcp-containers/manifest",
      "version": "1.0.0",
      "dependencies": {
        "@metorial-mcp-containers/case": "^1.0.0",
        "@metorial-mcp-containers/repo": "^1.0.0",
        "fs-extra": "^11.3.0",
        "zod": "^3.24.2",
      },
      "devDependencies": {
        "@types/fs-extra": "^11.0.4",
      },
    },
    "packages/nixpacks": {
      "name": "@metorial-mcp-containers/nixpacks",
      "version": "1.0.0",
      "dependencies": {
        "@metorial-mcp-containers/delay": "^1.0.0",
        "@metorial-mcp-containers/manifest": "^1.0.0",
        "@metorial-mcp-containers/repo": "^1.0.0",
      },
    },
    "packages/repo": {
      "name": "@metorial-mcp-containers/repo",
      "version": "1.0.0",
      "dependencies": {
        "@metorial-mcp-containers/temp-dir": "^1.0.0",
        "fs-extra": "^11.3.0",
      },
      "devDependencies": {
        "@types/bun": "latest",
        "@types/fs-extra": "^11.0.4",
      },
    },
    "packages/server-config": {
      "name": "@metorial-mcp-containers/server-config",
      "version": "1.0.0",
      "dependencies": {
        "@metorial-mcp-containers/repo": "^1.0.0",
        "partial-json": "^0.1.7",
        "yaml": "^2.7.1",
      },
    },
    "packages/temp-dir": {
      "name": "@metorial-mcp-containers/temp-dir",
      "version": "1.0.0",
      "dependencies": {
        "@metorial-mcp-containers/cleanup": "^1.0.0",
        "@metorial-mcp-containers/id": "^1.0.0",
        "fs-extra": "^11.3.0",
      },
      "devDependencies": {
        "@types/fs-extra": "^11.0.4",
      },
    },
    "packages/unique": {
      "name": "@metorial-mcp-containers/unique",
      "version": "1.0.0",
    },
    "scripts/add-server": {
      "name": "@metorial-mcp-containers/add-server",
      "dependencies": {
        "@inquirer/prompts": "^7.4.1",
        "@metorial-mcp-containers/cleanup": "^1.0.0",
        "@metorial-mcp-containers/manifest": "^1.0.0",
        "@metorial-mcp-containers/repo": "^1.0.0",
        "@metorial-mcp-containers/server-config": "^1.0.0",
        "fs-extra": "^11.3.0",
        "klaw": "^4.1.0",
        "sade": "^1.8.1",
      },
      "devDependencies": {
        "@types/bun": "latest",
        "@types/fs-extra": "^11.0.4",
        "@types/klaw": "^3.0.6",
      },
      "peerDependencies": {
        "typescript": "^5",
      },
    },
    "scripts/build": {
      "name": "@metorial-mcp-containers/build",
      "dependencies": {
        "@metorial-mcp-containers/nixpacks": "^1.0.0",
      },
      "devDependencies": {
        "@types/bun": "latest",
      },
      "peerDependencies": {
        "typescript": "^5",
      },
    },
    "scripts/check-versions": {
      "name": "@metorial-mcp-containers/check-versions",
      "dependencies": {
        "@metorial-mcp-containers/canonicalize": "^1.0.0",
        "@metorial-mcp-containers/manifest": "^1.0.0",
        "@metorial-mcp-containers/nixpacks": "^1.0.0",
        "@types/fs-extra": "^11.0.4",
        "fs-extra": "^11.3.0",
        "p-queue": "^8.1.0",
        "remark": "^15.0.1",
        "sade": "^1.8.1",
        "strip-markdown": "^6.0.0",
      },
      "devDependencies": {
        "@types/bun": "latest",
      },
      "peerDependencies": {
        "typescript": "^5",
      },
    },
    "scripts/import": {
      "name": "@metorial-mcp-containers/import",
      "dependencies": {
        "@metorial-mcp-containers/manifest": "^1.0.0",
        "@metorial-mcp-containers/nixpacks": "^1.0.0",
        "@metorial-mcp-containers/repo": "^1.0.0",
        "@metorial-mcp-containers/server-config": "^1.0.0",
      },
      "devDependencies": {
        "@types/bun": "latest",
      },
      "peerDependencies": {
        "typescript": "^5",
      },
    },
    "scripts/index": {
      "name": "@metorial-mcp-containers/index",
      "dependencies": {
        "@inquirer/prompts": "^7.4.1",
        "@metorial-mcp-containers/cleanup": "^1.0.0",
        "@metorial-mcp-containers/manifest": "^1.0.0",
        "@metorial-mcp-containers/repo": "^1.0.0",
        "@metorial-mcp-containers/server-config": "^1.0.0",
        "flexsearch": "^0.8.154",
        "fs-extra": "^11.3.0",
        "hono": "^4.7.6",
        "klaw": "^4.1.0",
        "minisearch": "^7.1.2",
        "sade": "^1.8.1",
      },
      "devDependencies": {
        "@types/bun": "latest",
        "@types/fs-extra": "^11.0.4",
        "@types/klaw": "^3.0.6",
      },
      "peerDependencies": {
        "typescript": "^5",
      },
    },
  },
  "packages": {
    "@inquirer/checkbox": ["@inquirer/checkbox@4.1.5", "", { "dependencies": { "@inquirer/core": "^10.1.10", "@inquirer/figures": "^1.0.11", "@inquirer/type": "^3.0.6", "ansi-escapes": "^4.3.2", "yoctocolors-cjs": "^2.1.2" }, "peerDependencies": { "@types/node": ">=18" }, "optionalPeers": ["@types/node"] }, "sha512-swPczVU+at65xa5uPfNP9u3qx/alNwiaykiI/ExpsmMSQW55trmZcwhYWzw/7fj+n6Q8z1eENvR7vFfq9oPSAQ=="],

    "@inquirer/confirm": ["@inquirer/confirm@5.1.9", "", { "dependencies": { "@inquirer/core": "^10.1.10", "@inquirer/type": "^3.0.6" }, "peerDependencies": { "@types/node": ">=18" }, "optionalPeers": ["@types/node"] }, "sha512-NgQCnHqFTjF7Ys2fsqK2WtnA8X1kHyInyG+nMIuHowVTIgIuS10T4AznI/PvbqSpJqjCUqNBlKGh1v3bwLFL4w=="],

    "@inquirer/core": ["@inquirer/core@10.1.10", "", { "dependencies": { "@inquirer/figures": "^1.0.11", "@inquirer/type": "^3.0.6", "ansi-escapes": "^4.3.2", "cli-width": "^4.1.0", "mute-stream": "^2.0.0", "signal-exit": "^4.1.0", "wrap-ansi": "^6.2.0", "yoctocolors-cjs": "^2.1.2" }, "peerDependencies": { "@types/node": ">=18" }, "optionalPeers": ["@types/node"] }, "sha512-roDaKeY1PYY0aCqhRmXihrHjoSW2A00pV3Ke5fTpMCkzcGF64R8e0lw3dK+eLEHwS4vB5RnW1wuQmvzoRul8Mw=="],

    "@inquirer/editor": ["@inquirer/editor@4.2.10", "", { "dependencies": { "@inquirer/core": "^10.1.10", "@inquirer/type": "^3.0.6", "external-editor": "^3.1.0" }, "peerDependencies": { "@types/node": ">=18" }, "optionalPeers": ["@types/node"] }, "sha512-5GVWJ+qeI6BzR6TIInLP9SXhWCEcvgFQYmcRG6d6RIlhFjM5TyG18paTGBgRYyEouvCmzeco47x9zX9tQEofkw=="],

    "@inquirer/expand": ["@inquirer/expand@4.0.12", "", { "dependencies": { "@inquirer/core": "^10.1.10", "@inquirer/type": "^3.0.6", "yoctocolors-cjs": "^2.1.2" }, "peerDependencies": { "@types/node": ">=18" }, "optionalPeers": ["@types/node"] }, "sha512-jV8QoZE1fC0vPe6TnsOfig+qwu7Iza1pkXoUJ3SroRagrt2hxiL+RbM432YAihNR7m7XnU0HWl/WQ35RIGmXHw=="],

    "@inquirer/figures": ["@inquirer/figures@1.0.11", "", {}, "sha512-eOg92lvrn/aRUqbxRyvpEWnrvRuTYRifixHkYVpJiygTgVSBIHDqLh0SrMQXkafvULg3ck11V7xvR+zcgvpHFw=="],

    "@inquirer/input": ["@inquirer/input@4.1.9", "", { "dependencies": { "@inquirer/core": "^10.1.10", "@inquirer/type": "^3.0.6" }, "peerDependencies": { "@types/node": ">=18" }, "optionalPeers": ["@types/node"] }, "sha512-mshNG24Ij5KqsQtOZMgj5TwEjIf+F2HOESk6bjMwGWgcH5UBe8UoljwzNFHqdMbGYbgAf6v2wU/X9CAdKJzgOA=="],

    "@inquirer/number": ["@inquirer/number@3.0.12", "", { "dependencies": { "@inquirer/core": "^10.1.10", "@inquirer/type": "^3.0.6" }, "peerDependencies": { "@types/node": ">=18" }, "optionalPeers": ["@types/node"] }, "sha512-7HRFHxbPCA4e4jMxTQglHJwP+v/kpFsCf2szzfBHy98Wlc3L08HL76UDiA87TOdX5fwj2HMOLWqRWv9Pnn+Z5Q=="],

    "@inquirer/password": ["@inquirer/password@4.0.12", "", { "dependencies": { "@inquirer/core": "^10.1.10", "@inquirer/type": "^3.0.6", "ansi-escapes": "^4.3.2" }, "peerDependencies": { "@types/node": ">=18" }, "optionalPeers": ["@types/node"] }, "sha512-FlOB0zvuELPEbnBYiPaOdJIaDzb2PmJ7ghi/SVwIHDDSQ2K4opGBkF+5kXOg6ucrtSUQdLhVVY5tycH0j0l+0g=="],

    "@inquirer/prompts": ["@inquirer/prompts@7.4.1", "", { "dependencies": { "@inquirer/checkbox": "^4.1.5", "@inquirer/confirm": "^5.1.9", "@inquirer/editor": "^4.2.10", "@inquirer/expand": "^4.0.12", "@inquirer/input": "^4.1.9", "@inquirer/number": "^3.0.12", "@inquirer/password": "^4.0.12", "@inquirer/rawlist": "^4.0.12", "@inquirer/search": "^3.0.12", "@inquirer/select": "^4.1.1" }, "peerDependencies": { "@types/node": ">=18" }, "optionalPeers": ["@types/node"] }, "sha512-UlmM5FVOZF0gpoe1PT/jN4vk8JmpIWBlMvTL8M+hlvPmzN89K6z03+IFmyeu/oFCenwdwHDr2gky7nIGSEVvlA=="],

    "@inquirer/rawlist": ["@inquirer/rawlist@4.0.12", "", { "dependencies": { "@inquirer/core": "^10.1.10", "@inquirer/type": "^3.0.6", "yoctocolors-cjs": "^2.1.2" }, "peerDependencies": { "@types/node": ">=18" }, "optionalPeers": ["@types/node"] }, "sha512-wNPJZy8Oc7RyGISPxp9/MpTOqX8lr0r+lCCWm7hQra+MDtYRgINv1hxw7R+vKP71Bu/3LszabxOodfV/uTfsaA=="],

    "@inquirer/search": ["@inquirer/search@3.0.12", "", { "dependencies": { "@inquirer/core": "^10.1.10", "@inquirer/figures": "^1.0.11", "@inquirer/type": "^3.0.6", "yoctocolors-cjs": "^2.1.2" }, "peerDependencies": { "@types/node": ">=18" }, "optionalPeers": ["@types/node"] }, "sha512-H/kDJA3kNlnNIjB8YsaXoQI0Qccgf0Na14K1h8ExWhNmUg2E941dyFPrZeugihEa9AZNW5NdsD/NcvUME83OPQ=="],

    "@inquirer/select": ["@inquirer/select@4.1.1", "", { "dependencies": { "@inquirer/core": "^10.1.10", "@inquirer/figures": "^1.0.11", "@inquirer/type": "^3.0.6", "ansi-escapes": "^4.3.2", "yoctocolors-cjs": "^2.1.2" }, "peerDependencies": { "@types/node": ">=18" }, "optionalPeers": ["@types/node"] }, "sha512-IUXzzTKVdiVNMA+2yUvPxWsSgOG4kfX93jOM4Zb5FgujeInotv5SPIJVeXQ+fO4xu7tW8VowFhdG5JRmmCyQ1Q=="],

    "@inquirer/type": ["@inquirer/type@3.0.6", "", { "peerDependencies": { "@types/node": ">=18" }, "optionalPeers": ["@types/node"] }, "sha512-/mKVCtVpyBu3IDarv0G+59KC4stsD5mDsGpYh+GKs1NZT88Jh52+cuoA1AtLk2Q0r/quNl+1cSUyLRHBFeD0XA=="],

    "@metorial-mcp-containers/add-server": ["@metorial-mcp-containers/add-server@workspace:scripts/add-server"],

    "@metorial-mcp-containers/build": ["@metorial-mcp-containers/build@workspace:scripts/build"],

    "@metorial-mcp-containers/canonicalize": ["@metorial-mcp-containers/canonicalize@workspace:packages/canonicalize"],

    "@metorial-mcp-containers/case": ["@metorial-mcp-containers/case@workspace:packages/case"],

    "@metorial-mcp-containers/check-versions": ["@metorial-mcp-containers/check-versions@workspace:scripts/check-versions"],

    "@metorial-mcp-containers/cleanup": ["@metorial-mcp-containers/cleanup@workspace:packages/cleanup"],

    "@metorial-mcp-containers/delay": ["@metorial-mcp-containers/delay@workspace:packages/delay"],

    "@metorial-mcp-containers/id": ["@metorial-mcp-containers/id@workspace:packages/id"],

    "@metorial-mcp-containers/import": ["@metorial-mcp-containers/import@workspace:scripts/import"],

    "@metorial-mcp-containers/index": ["@metorial-mcp-containers/index@workspace:scripts/index"],

    "@metorial-mcp-containers/manifest": ["@metorial-mcp-containers/manifest@workspace:packages/manifest"],

    "@metorial-mcp-containers/nixpacks": ["@metorial-mcp-containers/nixpacks@workspace:packages/nixpacks"],

    "@metorial-mcp-containers/repo": ["@metorial-mcp-containers/repo@workspace:packages/repo"],

    "@metorial-mcp-containers/server-config": ["@metorial-mcp-containers/server-config@workspace:packages/server-config"],

    "@metorial-mcp-containers/temp-dir": ["@metorial-mcp-containers/temp-dir@workspace:packages/temp-dir"],

    "@metorial-mcp-containers/unique": ["@metorial-mcp-containers/unique@workspace:packages/unique"],

    "@types/bun": ["@types/bun@1.2.9", "", { "dependencies": { "bun-types": "1.2.9" } }, "sha512-epShhLGQYc4Bv/aceHbmBhOz1XgUnuTZgcxjxk+WXwNyDXavv5QHD1QEFV0FwbTSQtNq6g4ZcV6y0vZakTjswg=="],

    "@types/debug": ["@types/debug@4.1.12", "", { "dependencies": { "@types/ms": "*" } }, "sha512-vIChWdVG3LG1SMxEvI/AK+FWJthlrqlTu7fbrlywTkkaONwk/UAGaULXRlf8vkzFBLVm0zkMdCquhL5aOjhXPQ=="],

    "@types/fs-extra": ["@types/fs-extra@11.0.4", "", { "dependencies": { "@types/jsonfile": "*", "@types/node": "*" } }, "sha512-yTbItCNreRooED33qjunPthRcSjERP1r4MqCZc7wv0u2sUkzTFp45tgUfS5+r7FrZPdmCCNflLhVSP/o+SemsQ=="],

    "@types/jsonfile": ["@types/jsonfile@6.1.4", "", { "dependencies": { "@types/node": "*" } }, "sha512-D5qGUYwjvnNNextdU59/+fI+spnwtTFmyQP0h+PfIOSkNfpU6AOICUOkm4i0OnSk+NyjdPJrxCDro0sJsWlRpQ=="],

    "@types/klaw": ["@types/klaw@3.0.6", "", { "dependencies": { "@types/node": "*" } }, "sha512-BErW5TrTz4nzt/c3VRGf0Bug4JyQJ1o807F4mAfXfvOzFZ8SKgFeHJ0T28Y1KtqlMEB+cUgN7S7CsyQDQ/qxqg=="],

    "@types/mdast": ["@types/mdast@4.0.4", "", { "dependencies": { "@types/unist": "*" } }, "sha512-kGaNbPh1k7AFzgpud/gMdvIm5xuECykRR+JnWKQno9TAXVa6WIVCGTPvYGekIDL4uwCZQSYbUxNBSb1aUo79oA=="],

    "@types/ms": ["@types/ms@2.1.0", "", {}, "sha512-GsCCIZDE/p3i96vtEqx+7dBUGXrc7zeSK3wwPHIaRThS+9OhWIXRqzs4d6k1SVU8g91DrNRWxWUGhp5KXQb2VA=="],

    "@types/node": ["@types/node@22.14.0", "", { "dependencies": { "undici-types": "~6.21.0" } }, "sha512-Kmpl+z84ILoG+3T/zQFyAJsU6EPTmOCj8/2+83fSN6djd6I4o7uOuGIH6vq3PrjY5BGitSbFuMN18j3iknubbA=="],

    "@types/unist": ["@types/unist@3.0.3", "", {}, "sha512-ko/gIFJRv177XgZsZcBwnqJN5x/Gien8qNOn0D5bQU/zAzVf9Zt3BlcUiLqhV9y4ARk0GbT3tnUiPNgnTXzc/Q=="],

    "@types/ws": ["@types/ws@8.18.1", "", { "dependencies": { "@types/node": "*" } }, "sha512-ThVF6DCVhA8kUGy+aazFQ4kXQ7E1Ty7A3ypFOe0IcJV8O/M511G99AW24irKrW56Wt44yG9+ij8FaqoBGkuBXg=="],

    "ansi-escapes": ["ansi-escapes@4.3.2", "", { "dependencies": { "type-fest": "^0.21.3" } }, "sha512-gKXj5ALrKWQLsYG9jlTRmR/xKluxHV+Z9QEwNIgCfM1/uwPMCuzVVnh5mwTd+OuBZcwSIMbqssNWRm1lE51QaQ=="],

    "ansi-regex": ["ansi-regex@5.0.1", "", {}, "sha512-quJQXlTSUGL2LH9SUXo8VwsY4soanhgo6LNSm84E1LBcE8s3O0wpdiRzyR9z/ZZJMlMWv37qOOb9pdJlMUEKFQ=="],

    "ansi-styles": ["ansi-styles@4.3.0", "", { "dependencies": { "color-convert": "^2.0.1" } }, "sha512-zbB9rCJAT1rbjiVDb2hqKFHNYLxgtk8NURxZ3IZwD3F6NtxbXZQCnnSi1Lkx+IDohdPlFp222wVALIheZJQSEg=="],

    "bail": ["bail@2.0.2", "", {}, "sha512-0xO6mYd7JB2YesxDKplafRpsiOzPt9V02ddPCLbY1xYGPOX24NTyN50qnUxgCPcSoYMhKpAuBTjQoRZCAkUDRw=="],

    "bun-types": ["bun-types@1.2.9", "", { "dependencies": { "@types/node": "*", "@types/ws": "*" } }, "sha512-dk/kOEfQbajENN/D6FyiSgOKEuUi9PWfqKQJEgwKrCMWbjS/S6tEXp178mWvWAcUSYm9ArDlWHZKO3T/4cLXiw=="],

    "character-entities": ["character-entities@2.0.2", "", {}, "sha512-shx7oQ0Awen/BRIdkjkvz54PnEEI/EjwXDSIZp86/KKdbafHh1Df/RYGBhn4hbe2+uKC9FnT5UCEdyPz3ai9hQ=="],

    "chardet": ["chardet@0.7.0", "", {}, "sha512-mT8iDcrh03qDGRRmoA2hmBJnxpllMR+0/0qlzjqZES6NdiWDcZkCNAk4rPFZ9Q85r27unkiNNg8ZOiwZXBHwcA=="],

    "cli-width": ["cli-width@4.1.0", "", {}, "sha512-ouuZd4/dm2Sw5Gmqy6bGyNNNe1qt9RpmxveLSO7KcgsTnU7RXfsw+/bukWGo1abgBiMAic068rclZsO4IWmmxQ=="],

    "color-convert": ["color-convert@2.0.1", "", { "dependencies": { "color-name": "~1.1.4" } }, "sha512-RRECPsj7iu/xb5oKYcsFHSppFNnsj/52OVTRKb4zP5onXwVF3zVmmToNcOfGC+CRDpfK/U584fMg38ZHCaElKQ=="],

    "color-name": ["color-name@1.1.4", "", {}, "sha512-dOy+3AuW3a2wNbZHIuMZpTcgjGuLU/uBL/ubcZF9OXbDo8ff4O8yVp5Bf0efS8uEoYo5q4Fx7dY9OgQGXgAsQA=="],

    "debug": ["debug@4.4.0", "", { "dependencies": { "ms": "^2.1.3" } }, "sha512-6WTZ/IxCY/T6BALoZHaE4ctp9xm+Z5kY/pzYaCHRFeyVhojxlrm+46y68HA6hr0TcwEssoxNiDEUJQjfPZ/RYA=="],

    "decode-named-character-reference": ["decode-named-character-reference@1.1.0", "", { "dependencies": { "character-entities": "^2.0.0" } }, "sha512-Wy+JTSbFThEOXQIR2L6mxJvEs+veIzpmqD7ynWxMXGpnk3smkHQOp6forLdHsKpAMW9iJpaBBIxz285t1n1C3w=="],

    "dequal": ["dequal@2.0.3", "", {}, "sha512-0je+qPKHEMohvfRTCEo3CrPG6cAzAYgmzKyxRiYSSDkS6eGJdyVJm7WaYA5ECaAD9wLB2T4EEeymA5aFVcYXCA=="],

    "devlop": ["devlop@1.1.0", "", { "dependencies": { "dequal": "^2.0.0" } }, "sha512-RWmIqhcFf1lRYBvNmr7qTNuyCt/7/ns2jbpp1+PalgE/rDQcBT0fioSMUpJ93irlUhC5hrg4cYqe6U+0ImW0rA=="],

    "emoji-regex": ["emoji-regex@8.0.0", "", {}, "sha512-MSjYzcWNOA0ewAHpz0MxpYFvwg6yjy1NG3xteoqz644VCo/RPgnr1/GGt+ic3iJTzQ8Eu3TdM14SawnVUmGE6A=="],

    "eventemitter3": ["eventemitter3@5.0.1", "", {}, "sha512-GWkBvjiSZK87ELrYOSESUYeVIc9mvLLf/nXalMOS5dYrgZq9o5OVkbZAVM06CVxYsCwH9BDZFPlQTlPA1j4ahA=="],

    "extend": ["extend@3.0.2", "", {}, "sha512-fjquC59cD7CyW6urNXK0FBufkZcoiGG80wTuPujX590cB5Ttln20E2UB4S/WARVqhXffZl2LNgS+gQdPIIim/g=="],

    "external-editor": ["external-editor@3.1.0", "", { "dependencies": { "chardet": "^0.7.0", "iconv-lite": "^0.4.24", "tmp": "^0.0.33" } }, "sha512-hMQ4CX1p1izmuLYyZqLMO/qGNw10wSv9QDCPfzXfyFrOaCSSoRfqE1Kf1s5an66J5JZC62NewG+mK49jOCtQew=="],

    "flexsearch": ["flexsearch@0.8.154", "", {}, "sha512-1ZMU22O0DHwmK6WZ6hMzMZD79wlyxQ3Bj6JtRhtGnUbIUkx+A7AJs5Yjp7PIEt5INLui15KVdDpI5zlXJDOjfA=="],

    "fs-extra": ["fs-extra@11.3.0", "", { "dependencies": { "graceful-fs": "^4.2.0", "jsonfile": "^6.0.1", "universalify": "^2.0.0" } }, "sha512-Z4XaCL6dUDHfP/jT25jJKMmtxvuwbkrD1vNSMFlo9lNLY2c5FHYSQgHPRZUjAB26TpDEoW9HCOgplrdbaPV/ew=="],

    "graceful-fs": ["graceful-fs@4.2.11", "", {}, "sha512-RbJ5/jmFcNNCcDV5o9eTnBLJ/HszWV0P73bc+Ff4nS/rJj+YaS6IGyiOL0VoBYX+l1Wrl3k63h/KrH+nhJ0XvQ=="],

    "hono": ["hono@4.7.6", "", {}, "sha512-564rVzELU+9BRqqx5k8sT2NFwGD3I3Vifdb6P7CmM6FiarOSY+fDC+6B+k9wcCb86ReoayteZP2ki0cRLN1jbw=="],

    "iconv-lite": ["iconv-lite@0.4.24", "", { "dependencies": { "safer-buffer": ">= 2.1.2 < 3" } }, "sha512-v3MXnZAcvnywkTUEZomIActle7RXXeedOR31wwl7VlyoXO4Qi9arvSenNQWne1TcRwhCL1HwLI21bEqdpj8/rA=="],

    "is-fullwidth-code-point": ["is-fullwidth-code-point@3.0.0", "", {}, "sha512-zymm5+u+sCsSWyD9qNaejV3DFvhCKclKdizYaJUuHA83RLjb7nSuGnddCHGv0hk+KY7BMAlsWeK4Ueg6EV6XQg=="],

    "is-plain-obj": ["is-plain-obj@4.1.0", "", {}, "sha512-+Pgi+vMuUNkJyExiMBt5IlFoMyKnr5zhJ4Uspz58WOhBF5QoIZkFyNHIbBAtHwzVAgk5RtndVNsDRN61/mmDqg=="],

    "jsonfile": ["jsonfile@6.1.0", "", { "dependencies": { "universalify": "^2.0.0" }, "optionalDependencies": { "graceful-fs": "^4.1.6" } }, "sha512-5dgndWOriYSm5cnYaJNhalLNDKOqFwyDB/rr1E9ZsGciGvKPs8R2xYGCacuf3z6K1YKDz182fd+fY3cn3pMqXQ=="],

    "klaw": ["klaw@4.1.0", "", {}, "sha512-1zGZ9MF9H22UnkpVeuaGKOjfA2t6WrfdrJmGjy16ykcjnKQDmHVX+KI477rpbGevz/5FD4MC3xf1oxylBgcaQw=="],

    "longest-streak": ["longest-streak@3.1.0", "", {}, "sha512-9Ri+o0JYgehTaVBBDoMqIl8GXtbWg711O3srftcHhZ0dqnETqLaoIK0x17fUw9rFSlK/0NlsKe0Ahhyl5pXE2g=="],

    "mdast-util-from-markdown": ["mdast-util-from-markdown@2.0.2", "", { "dependencies": { "@types/mdast": "^4.0.0", "@types/unist": "^3.0.0", "decode-named-character-reference": "^1.0.0", "devlop": "^1.0.0", "mdast-util-to-string": "^4.0.0", "micromark": "^4.0.0", "micromark-util-decode-numeric-character-reference": "^2.0.0", "micromark-util-decode-string": "^2.0.0", "micromark-util-normalize-identifier": "^2.0.0", "micromark-util-symbol": "^2.0.0", "micromark-util-types": "^2.0.0", "unist-util-stringify-position": "^4.0.0" } }, "sha512-uZhTV/8NBuw0WHkPTrCqDOl0zVe1BIng5ZtHoDk49ME1qqcjYmmLmOf0gELgcRMxN4w2iuIeVso5/6QymSrgmA=="],

    "mdast-util-phrasing": ["mdast-util-phrasing@4.1.0", "", { "dependencies": { "@types/mdast": "^4.0.0", "unist-util-is": "^6.0.0" } }, "sha512-TqICwyvJJpBwvGAMZjj4J2n0X8QWp21b9l0o7eXyVJ25YNWYbJDVIyD1bZXE6WtV6RmKJVYmQAKWa0zWOABz2w=="],

    "mdast-util-to-markdown": ["mdast-util-to-markdown@2.1.2", "", { "dependencies": { "@types/mdast": "^4.0.0", "@types/unist": "^3.0.0", "longest-streak": "^3.0.0", "mdast-util-phrasing": "^4.0.0", "mdast-util-to-string": "^4.0.0", "micromark-util-classify-character": "^2.0.0", "micromark-util-decode-string": "^2.0.0", "unist-util-visit": "^5.0.0", "zwitch": "^2.0.0" } }, "sha512-xj68wMTvGXVOKonmog6LwyJKrYXZPvlwabaryTjLh9LuvovB/KAH+kvi8Gjj+7rJjsFi23nkUxRQv1KqSroMqA=="],

    "mdast-util-to-string": ["mdast-util-to-string@4.0.0", "", { "dependencies": { "@types/mdast": "^4.0.0" } }, "sha512-0H44vDimn51F0YwvxSJSm0eCDOJTRlmN0R1yBh4HLj9wiV1Dn0QoXGbvFAWj2hSItVTlCmBF1hqKlIyUBVFLPg=="],

    "micromark": ["micromark@4.0.2", "", { "dependencies": { "@types/debug": "^4.0.0", "debug": "^4.0.0", "decode-named-character-reference": "^1.0.0", "devlop": "^1.0.0", "micromark-core-commonmark": "^2.0.0", "micromark-factory-space": "^2.0.0", "micromark-util-character": "^2.0.0", "micromark-util-chunked": "^2.0.0", "micromark-util-combine-extensions": "^2.0.0", "micromark-util-decode-numeric-character-reference": "^2.0.0", "micromark-util-encode": "^2.0.0", "micromark-util-normalize-identifier": "^2.0.0", "micromark-util-resolve-all": "^2.0.0", "micromark-util-sanitize-uri": "^2.0.0", "micromark-util-subtokenize": "^2.0.0", "micromark-util-symbol": "^2.0.0", "micromark-util-types": "^2.0.0" } }, "sha512-zpe98Q6kvavpCr1NPVSCMebCKfD7CA2NqZ+rykeNhONIJBpc1tFKt9hucLGwha3jNTNI8lHpctWJWoimVF4PfA=="],

    "micromark-core-commonmark": ["micromark-core-commonmark@2.0.3", "", { "dependencies": { "decode-named-character-reference": "^1.0.0", "devlop": "^1.0.0", "micromark-factory-destination": "^2.0.0", "micromark-factory-label": "^2.0.0", "micromark-factory-space": "^2.0.0", "micromark-factory-title": "^2.0.0", "micromark-factory-whitespace": "^2.0.0", "micromark-util-character": "^2.0.0", "micromark-util-chunked": "^2.0.0", "micromark-util-classify-character": "^2.0.0", "micromark-util-html-tag-name": "^2.0.0", "micromark-util-normalize-identifier": "^2.0.0", "micromark-util-resolve-all": "^2.0.0", "micromark-util-subtokenize": "^2.0.0", "micromark-util-symbol": "^2.0.0", "micromark-util-types": "^2.0.0" } }, "sha512-RDBrHEMSxVFLg6xvnXmb1Ayr2WzLAWjeSATAoxwKYJV94TeNavgoIdA0a9ytzDSVzBy2YKFK+emCPOEibLeCrg=="],

    "micromark-factory-destination": ["micromark-factory-destination@2.0.1", "", { "dependencies": { "micromark-util-character": "^2.0.0", "micromark-util-symbol": "^2.0.0", "micromark-util-types": "^2.0.0" } }, "sha512-Xe6rDdJlkmbFRExpTOmRj9N3MaWmbAgdpSrBQvCFqhezUn4AHqJHbaEnfbVYYiexVSs//tqOdY/DxhjdCiJnIA=="],

    "micromark-factory-label": ["micromark-factory-label@2.0.1", "", { "dependencies": { "devlop": "^1.0.0", "micromark-util-character": "^2.0.0", "micromark-util-symbol": "^2.0.0", "micromark-util-types": "^2.0.0" } }, "sha512-VFMekyQExqIW7xIChcXn4ok29YE3rnuyveW3wZQWWqF4Nv9Wk5rgJ99KzPvHjkmPXF93FXIbBp6YdW3t71/7Vg=="],

    "micromark-factory-space": ["micromark-factory-space@2.0.1", "", { "dependencies": { "micromark-util-character": "^2.0.0", "micromark-util-types": "^2.0.0" } }, "sha512-zRkxjtBxxLd2Sc0d+fbnEunsTj46SWXgXciZmHq0kDYGnck/ZSGj9/wULTV95uoeYiK5hRXP2mJ98Uo4cq/LQg=="],

    "micromark-factory-title": ["micromark-factory-title@2.0.1", "", { "dependencies": { "micromark-factory-space": "^2.0.0", "micromark-util-character": "^2.0.0", "micromark-util-symbol": "^2.0.0", "micromark-util-types": "^2.0.0" } }, "sha512-5bZ+3CjhAd9eChYTHsjy6TGxpOFSKgKKJPJxr293jTbfry2KDoWkhBb6TcPVB4NmzaPhMs1Frm9AZH7OD4Cjzw=="],

    "micromark-factory-whitespace": ["micromark-factory-whitespace@2.0.1", "", { "dependencies": { "micromark-factory-space": "^2.0.0", "micromark-util-character": "^2.0.0", "micromark-util-symbol": "^2.0.0", "micromark-util-types": "^2.0.0" } }, "sha512-Ob0nuZ3PKt/n0hORHyvoD9uZhr+Za8sFoP+OnMcnWK5lngSzALgQYKMr9RJVOWLqQYuyn6ulqGWSXdwf6F80lQ=="],

    "micromark-util-character": ["micromark-util-character@2.1.1", "", { "dependencies": { "micromark-util-symbol": "^2.0.0", "micromark-util-types": "^2.0.0" } }, "sha512-wv8tdUTJ3thSFFFJKtpYKOYiGP2+v96Hvk4Tu8KpCAsTMs6yi+nVmGh1syvSCsaxz45J6Jbw+9DD6g97+NV67Q=="],

    "micromark-util-chunked": ["micromark-util-chunked@2.0.1", "", { "dependencies": { "micromark-util-symbol": "^2.0.0" } }, "sha512-QUNFEOPELfmvv+4xiNg2sRYeS/P84pTW0TCgP5zc9FpXetHY0ab7SxKyAQCNCc1eK0459uoLI1y5oO5Vc1dbhA=="],

    "micromark-util-classify-character": ["micromark-util-classify-character@2.0.1", "", { "dependencies": { "micromark-util-character": "^2.0.0", "micromark-util-symbol": "^2.0.0", "micromark-util-types": "^2.0.0" } }, "sha512-K0kHzM6afW/MbeWYWLjoHQv1sgg2Q9EccHEDzSkxiP/EaagNzCm7T/WMKZ3rjMbvIpvBiZgwR3dKMygtA4mG1Q=="],

    "micromark-util-combine-extensions": ["micromark-util-combine-extensions@2.0.1", "", { "dependencies": { "micromark-util-chunked": "^2.0.0", "micromark-util-types": "^2.0.0" } }, "sha512-OnAnH8Ujmy59JcyZw8JSbK9cGpdVY44NKgSM7E9Eh7DiLS2E9RNQf0dONaGDzEG9yjEl5hcqeIsj4hfRkLH/Bg=="],

    "micromark-util-decode-numeric-character-reference": ["micromark-util-decode-numeric-character-reference@2.0.2", "", { "dependencies": { "micromark-util-symbol": "^2.0.0" } }, "sha512-ccUbYk6CwVdkmCQMyr64dXz42EfHGkPQlBj5p7YVGzq8I7CtjXZJrubAYezf7Rp+bjPseiROqe7G6foFd+lEuw=="],

    "micromark-util-decode-string": ["micromark-util-decode-string@2.0.1", "", { "dependencies": { "decode-named-character-reference": "^1.0.0", "micromark-util-character": "^2.0.0", "micromark-util-decode-numeric-character-reference": "^2.0.0", "micromark-util-symbol": "^2.0.0" } }, "sha512-nDV/77Fj6eH1ynwscYTOsbK7rR//Uj0bZXBwJZRfaLEJ1iGBR6kIfNmlNqaqJf649EP0F3NWNdeJi03elllNUQ=="],

    "micromark-util-encode": ["micromark-util-encode@2.0.1", "", {}, "sha512-c3cVx2y4KqUnwopcO9b/SCdo2O67LwJJ/UyqGfbigahfegL9myoEFoDYZgkT7f36T0bLrM9hZTAaAyH+PCAXjw=="],

    "micromark-util-html-tag-name": ["micromark-util-html-tag-name@2.0.1", "", {}, "sha512-2cNEiYDhCWKI+Gs9T0Tiysk136SnR13hhO8yW6BGNyhOC4qYFnwF1nKfD3HFAIXA5c45RrIG1ub11GiXeYd1xA=="],

    "micromark-util-normalize-identifier": ["micromark-util-normalize-identifier@2.0.1", "", { "dependencies": { "micromark-util-symbol": "^2.0.0" } }, "sha512-sxPqmo70LyARJs0w2UclACPUUEqltCkJ6PhKdMIDuJ3gSf/Q+/GIe3WKl0Ijb/GyH9lOpUkRAO2wp0GVkLvS9Q=="],

    "micromark-util-resolve-all": ["micromark-util-resolve-all@2.0.1", "", { "dependencies": { "micromark-util-types": "^2.0.0" } }, "sha512-VdQyxFWFT2/FGJgwQnJYbe1jjQoNTS4RjglmSjTUlpUMa95Htx9NHeYW4rGDJzbjvCsl9eLjMQwGeElsqmzcHg=="],

    "micromark-util-sanitize-uri": ["micromark-util-sanitize-uri@2.0.1", "", { "dependencies": { "micromark-util-character": "^2.0.0", "micromark-util-encode": "^2.0.0", "micromark-util-symbol": "^2.0.0" } }, "sha512-9N9IomZ/YuGGZZmQec1MbgxtlgougxTodVwDzzEouPKo3qFWvymFHWcnDi2vzV1ff6kas9ucW+o3yzJK9YB1AQ=="],

    "micromark-util-subtokenize": ["micromark-util-subtokenize@2.1.0", "", { "dependencies": { "devlop": "^1.0.0", "micromark-util-chunked": "^2.0.0", "micromark-util-symbol": "^2.0.0", "micromark-util-types": "^2.0.0" } }, "sha512-XQLu552iSctvnEcgXw6+Sx75GflAPNED1qx7eBJ+wydBb2KCbRZe+NwvIEEMM83uml1+2WSXpBAcp9IUCgCYWA=="],

    "micromark-util-symbol": ["micromark-util-symbol@2.0.1", "", {}, "sha512-vs5t8Apaud9N28kgCrRUdEed4UJ+wWNvicHLPxCa9ENlYuAY31M0ETy5y1vA33YoNPDFTghEbnh6efaE8h4x0Q=="],

    "micromark-util-types": ["micromark-util-types@2.0.2", "", {}, "sha512-Yw0ECSpJoViF1qTU4DC6NwtC4aWGt1EkzaQB8KPPyCRR8z9TWeV0HbEFGTO+ZY1wB22zmxnJqhPyTpOVCpeHTA=="],

    "minisearch": ["minisearch@7.1.2", "", {}, "sha512-R1Pd9eF+MD5JYDDSPAp/q1ougKglm14uEkPMvQ/05RGmx6G9wvmLTrTI/Q5iPNJLYqNdsDQ7qTGIcNWR+FrHmA=="],

    "mri": ["mri@1.2.0", "", {}, "sha512-tzzskb3bG8LvYGFF/mDTpq3jpI6Q9wc3LEmBaghu+DdCssd1FakN7Bc0hVNmEyGq1bq3RgfkCb3cmQLpNPOroA=="],

    "ms": ["ms@2.1.3", "", {}, "sha512-6FlzubTLZG3J2a/NVCAleEhjzq5oxgHyaCU9yYXvcLsvoVaHJq/s5xXI6/XXP6tz7R9xAOtHnSO/tXtF3WRTlA=="],

    "mute-stream": ["mute-stream@2.0.0", "", {}, "sha512-WWdIxpyjEn+FhQJQQv9aQAYlHoNVdzIzUySNV1gHUPDSdZJ3yZn7pAAbQcV7B56Mvu881q9FZV+0Vx2xC44VWA=="],

    "nanoid": ["nanoid@5.1.5", "", { "bin": { "nanoid": "bin/nanoid.js" } }, "sha512-Ir/+ZpE9fDsNH0hQ3C68uyThDXzYcim2EqcZ8zn8Chtt1iylPT9xXJB0kPCnqzgcEGikO9RxSrh63MsmVCU7Fw=="],

    "os-tmpdir": ["os-tmpdir@1.0.2", "", {}, "sha512-D2FR03Vir7FIu45XBY20mTb+/ZSWB00sjU9jdQXt83gDrI4Ztz5Fs7/yy74g2N5SVQY4xY1qDr4rNddwYRVX0g=="],

    "p-queue": ["p-queue@8.1.0", "", { "dependencies": { "eventemitter3": "^5.0.1", "p-timeout": "^6.1.2" } }, "sha512-mxLDbbGIBEXTJL0zEx8JIylaj3xQ7Z/7eEVjcF9fJX4DBiH9oqe+oahYnlKKxm0Ci9TlWTyhSHgygxMxjIB2jw=="],

    "p-timeout": ["p-timeout@6.1.4", "", {}, "sha512-MyIV3ZA/PmyBN/ud8vV9XzwTrNtR4jFrObymZYnZqMmW0zA8Z17vnT0rBgFE/TlohB+YCHqXMgZzb3Csp49vqg=="],

    "partial-json": ["partial-json@0.1.7", "", {}, "sha512-Njv/59hHaokb/hRUjce3Hdv12wd60MtM9Z5Olmn+nehe0QDAsRtRbJPvJ0Z91TusF0SuZRIvnM+S4l6EIP8leA=="],

    "remark": ["remark@15.0.1", "", { "dependencies": { "@types/mdast": "^4.0.0", "remark-parse": "^11.0.0", "remark-stringify": "^11.0.0", "unified": "^11.0.0" } }, "sha512-Eht5w30ruCXgFmxVUSlNWQ9iiimq07URKeFS3hNc8cUWy1llX4KDWfyEDZRycMc+znsN9Ux5/tJ/BFdgdOwA3A=="],

    "remark-parse": ["remark-parse@11.0.0", "", { "dependencies": { "@types/mdast": "^4.0.0", "mdast-util-from-markdown": "^2.0.0", "micromark-util-types": "^2.0.0", "unified": "^11.0.0" } }, "sha512-FCxlKLNGknS5ba/1lmpYijMUzX2esxW5xQqjWxw2eHFfS2MSdaHVINFmhjo+qN1WhZhNimq0dZATN9pH0IDrpA=="],

    "remark-stringify": ["remark-stringify@11.0.0", "", { "dependencies": { "@types/mdast": "^4.0.0", "mdast-util-to-markdown": "^2.0.0", "unified": "^11.0.0" } }, "sha512-1OSmLd3awB/t8qdoEOMazZkNsfVTeY4fTsgzcQFdXNq8ToTN4ZGwrMnlda4K6smTFKD+GRV6O48i6Z4iKgPPpw=="],

    "sade": ["sade@1.8.1", "", { "dependencies": { "mri": "^1.1.0" } }, "sha512-xal3CZX1Xlo/k4ApwCFrHVACi9fBqJ7V+mwhBsuf/1IOKbBy098Fex+Wa/5QMubw09pSZ/u8EY8PWgevJsXp1A=="],

    "safer-buffer": ["safer-buffer@2.1.2", "", {}, "sha512-YZo3K82SD7Riyi0E1EQPojLz7kpepnSQI9IyPbHHg1XXXevb5dJI7tpyN2ADxGcQbHG7vcyRHk0cbwqcQriUtg=="],

    "signal-exit": ["signal-exit@4.1.0", "", {}, "sha512-bzyZ1e88w9O1iNJbKnOlvYTrWPDl46O1bG0D3XInv+9tkPrxrN8jUUTiFlDkkmKWgn1M6CfIA13SuGqOa9Korw=="],

    "string-width": ["string-width@4.2.3", "", { "dependencies": { "emoji-regex": "^8.0.0", "is-fullwidth-code-point": "^3.0.0", "strip-ansi": "^6.0.1" } }, "sha512-wKyQRQpjJ0sIp62ErSZdGsjMJWsap5oRNihHhu6G7JVO/9jIB6UyevL+tXuOqrng8j/cxKTWyWUwvSTriiZz/g=="],

    "strip-ansi": ["strip-ansi@6.0.1", "", { "dependencies": { "ansi-regex": "^5.0.1" } }, "sha512-Y38VPSHcqkFrCpFnQ9vuSXmquuv5oXOKpGeT6aGrr3o3Gc9AlVa6JBfUSOCnbxGGZF+/0ooI7KrPuUSztUdU5A=="],

    "strip-markdown": ["strip-markdown@6.0.0", "", { "dependencies": { "@types/mdast": "^4.0.0" } }, "sha512-mSa8FtUoX3ExJYDkjPUTC14xaBAn4Ik5GPQD45G5E2egAmeV3kHgVSTfIoSDggbF6Pk9stahVgqsLCNExv6jHw=="],

    "tmp": ["tmp@0.0.33", "", { "dependencies": { "os-tmpdir": "~1.0.2" } }, "sha512-jRCJlojKnZ3addtTOjdIqoRuPEKBvNXcGYqzO6zWZX8KfKEpnGY5jfggJQ3EjKuu8D4bJRr0y+cYJFmYbImXGw=="],

    "trough": ["trough@2.2.0", "", {}, "sha512-tmMpK00BjZiUyVyvrBK7knerNgmgvcV/KLVyuma/SC+TQN167GrMRciANTz09+k3zW8L8t60jWO1GpfkZdjTaw=="],

    "type-fest": ["type-fest@0.21.3", "", {}, "sha512-t0rzBq87m3fVcduHDUFhKmyyX+9eo6WQjZvf51Ea/M0Q7+T374Jp1aUiyUl0GKxp8M/OETVHSDvmkyPgvX+X2w=="],

    "typescript": ["typescript@5.8.3", "", { "bin": { "tsc": "bin/tsc", "tsserver": "bin/tsserver" } }, "sha512-p1diW6TqL9L07nNxvRMM7hMMw4c5XOo/1ibL4aAIGmSAt9slTE1Xgw5KWuof2uTOvCg9BY7ZRi+GaF+7sfgPeQ=="],

    "undici-types": ["undici-types@6.21.0", "", {}, "sha512-iwDZqg0QAGrg9Rav5H4n0M64c3mkR59cJ6wQp+7C4nI0gsmExaedaYLNO44eT4AtBBwjbTiGPMlt2Md0T9H9JQ=="],

    "unified": ["unified@11.0.5", "", { "dependencies": { "@types/unist": "^3.0.0", "bail": "^2.0.0", "devlop": "^1.0.0", "extend": "^3.0.0", "is-plain-obj": "^4.0.0", "trough": "^2.0.0", "vfile": "^6.0.0" } }, "sha512-xKvGhPWw3k84Qjh8bI3ZeJjqnyadK+GEFtazSfZv/rKeTkTjOJho6mFqh2SM96iIcZokxiOpg78GazTSg8+KHA=="],

    "unist-util-is": ["unist-util-is@6.0.0", "", { "dependencies": { "@types/unist": "^3.0.0" } }, "sha512-2qCTHimwdxLfz+YzdGfkqNlH0tLi9xjTnHddPmJwtIG9MGsdbutfTc4P+haPD7l7Cjxf/WZj+we5qfVPvvxfYw=="],

    "unist-util-stringify-position": ["unist-util-stringify-position@4.0.0", "", { "dependencies": { "@types/unist": "^3.0.0" } }, "sha512-0ASV06AAoKCDkS2+xw5RXJywruurpbC4JZSm7nr7MOt1ojAzvyyaO+UxZf18j8FCF6kmzCZKcAgN/yu2gm2XgQ=="],

    "unist-util-visit": ["unist-util-visit@5.0.0", "", { "dependencies": { "@types/unist": "^3.0.0", "unist-util-is": "^6.0.0", "unist-util-visit-parents": "^6.0.0" } }, "sha512-MR04uvD+07cwl/yhVuVWAtw+3GOR/knlL55Nd/wAdblk27GCVt3lqpTivy/tkJcZoNPzTwS1Y+KMojlLDhoTzg=="],

    "unist-util-visit-parents": ["unist-util-visit-parents@6.0.1", "", { "dependencies": { "@types/unist": "^3.0.0", "unist-util-is": "^6.0.0" } }, "sha512-L/PqWzfTP9lzzEa6CKs0k2nARxTdZduw3zyh8d2NVBnsyvHjSX4TWse388YrrQKbvI8w20fGjGlhgT96WwKykw=="],

    "universalify": ["universalify@2.0.1", "", {}, "sha512-gptHNQghINnc/vTGIk0SOFGFNXw7JVrlRUtConJRlvaw6DuX0wO5Jeko9sWrMBhh+PsYAZ7oXAiOnf/UKogyiw=="],

    "vfile": ["vfile@6.0.3", "", { "dependencies": { "@types/unist": "^3.0.0", "vfile-message": "^4.0.0" } }, "sha512-KzIbH/9tXat2u30jf+smMwFCsno4wHVdNmzFyL+T/L3UGqqk6JKfVqOFOZEpZSHADH1k40ab6NUIXZq422ov3Q=="],

    "vfile-message": ["vfile-message@4.0.2", "", { "dependencies": { "@types/unist": "^3.0.0", "unist-util-stringify-position": "^4.0.0" } }, "sha512-jRDZ1IMLttGj41KcZvlrYAaI3CfqpLpfpf+Mfig13viT6NKvRzWZ+lXz0Y5D60w6uJIBAOGq9mSHf0gktF0duw=="],

    "wrap-ansi": ["wrap-ansi@6.2.0", "", { "dependencies": { "ansi-styles": "^4.0.0", "string-width": "^4.1.0", "strip-ansi": "^6.0.0" } }, "sha512-r6lPcBGxZXlIcymEu7InxDMhdW0KDxpLgoFLcguasxCaJ/SOIZwINatK9KY/tf+ZrlywOKU0UDj3ATXUBfxJXA=="],

    "yaml": ["yaml@2.7.1", "", { "bin": { "yaml": "bin.mjs" } }, "sha512-10ULxpnOCQXxJvBgxsn9ptjq6uviG/htZKk9veJGhlqn3w/DxQ631zFF+nlQXLwmImeS5amR2dl2U8sg6U9jsQ=="],

    "yoctocolors-cjs": ["yoctocolors-cjs@2.1.2", "", {}, "sha512-cYVsTjKl8b+FrnidjibDWskAv7UKOfcwaVZdp/it9n1s9fU3IkgDbhdIRKCW4JDsAlECJY0ytoVPT3sK6kideA=="],

    "zod": ["zod@3.24.2", "", {}, "sha512-lY7CDW43ECgW9u1TcT3IoXHflywfVqDYze4waEz812jR/bZ8FHDsl7pFQoSZTz5N+2NqRXs8GBwnAwo3ZNxqhQ=="],

    "zwitch": ["zwitch@2.0.4", "", {}, "sha512-bXE4cR/kVZhKZX/RjPEflHaKVhUVl85noU3v6b8apfQEc1x4A+zBxjZ4lN8LqGd6WZ3dl98pY4o717VFmoPp+A=="],
  }
}
