// !$*UTF8*$!
{
	archiveVersion = 1;
	classes = {
	};
	objectVersion = 77;
	objects = {

/* Begin PBXBuildFile section */
		2723F3152DB7D2860091E0BA /* Flow in Frameworks */ = {isa = PBXBuildFile; productRef = 2723F3142DB7D2860091E0BA /* Flow */; };
		27468BF72D9E82F500A2ED98 /* Alamofire in Frameworks */ = {isa = PBXBuildFile; productRef = 27468BF62D9E82F500A2ED98 /* Alamofire */; };
		27468BFA2D9E834500A2ED98 /* Kingfisher in Frameworks */ = {isa = PBXBuildFile; productRef = 27468BF92D9E834500A2ED98 /* Kingfisher */; };
		27468C002D9E849500A2ED98 /* FirebaseAnalytics in Frameworks */ = {isa = PBXBuildFile; productRef = 27468BFF2D9E849500A2ED98 /* FirebaseAnalytics */; };
		27468C022D9E849500A2ED98 /* FirebaseAuth in Frameworks */ = {isa = PBXBuildFile; productRef = 27468C012D9E849500A2ED98 /* FirebaseAuth */; };
		27468C042D9E849500A2ED98 /* FirebaseCore in Frameworks */ = {isa = PBXBuildFile; productRef = 27468C032D9E849500A2ED98 /* FirebaseCore */; };
		27468C062D9E849500A2ED98 /* FirebaseCrashlytics in Frameworks */ = {isa = PBXBuildFile; productRef = 27468C052D9E849500A2ED98 /* FirebaseCrashlytics */; };
		27468C082D9E849500A2ED98 /* FirebaseFirestore in Frameworks */ = {isa = PBXBuildFile; productRef = 27468C072D9E849500A2ED98 /* FirebaseFirestore */; };
		27468C0E2D9E866700A2ED98 /* CoreML.framework in Frameworks */ = {isa = PBXBuildFile; fileRef = 27468C0D2D9E866700A2ED98 /* CoreML.framework */; };
		279EC31E2DA03BB100DD825D /* GRDB in Frameworks */ = {isa = PBXBuildFile; productRef = 279EC31D2DA03BB100DD825D /* GRDB */; };
		279EC3332DA04F3900DD825D /* GoogleService-Info.plist in Resources */ = {isa = PBXBuildFile; fileRef = 279EC3322DA04F3900DD825D /* GoogleService-Info.plist */; };
		27BB7C9E2DCBD38300DA8678 /* MarkdownUI in Frameworks */ = {isa = PBXBuildFile; productRef = 27BB7C9D2DCBD38300DA8678 /* MarkdownUI */; };
		27EDB2E22DB1112A00615643 /* SnapdexDesignSystem in Frameworks */ = {isa = PBXBuildFile; productRef = 27EDB2E12DB1112A00615643 /* SnapdexDesignSystem */; };
		27EDB2E52DB1113400615643 /* SnapdexDomain in Frameworks */ = {isa = PBXBuildFile; productRef = 27EDB2E42DB1113400615643 /* SnapdexDomain */; };
		27EDB2E82DB1113F00615643 /* SnapdexData in Frameworks */ = {isa = PBXBuildFile; productRef = 27EDB2E72DB1113F00615643 /* SnapdexData */; };
		27EDB2EB2DB1114700615643 /* SnapdexUseCases in Frameworks */ = {isa = PBXBuildFile; productRef = 27EDB2EA2DB1114700615643 /* SnapdexUseCases */; };
		27EDB2EE2DB1114F00615643 /* SnapdexUI in Frameworks */ = {isa = PBXBuildFile; productRef = 27EDB2ED2DB1114F00615643 /* SnapdexUI */; };
/* End PBXBuildFile section */

/* Begin PBXFileReference section */
		271224B12DB10D490069ABED /* SnapdexDomain */ = {isa = PBXFileReference; lastKnownFileType = wrapper; path = SnapdexDomain; sourceTree = "<group>"; };
		271224B22DB10D900069ABED /* SnapdexData */ = {isa = PBXFileReference; lastKnownFileType = wrapper; path = SnapdexData; sourceTree = "<group>"; };
		271224B32DB10DC30069ABED /* SnapdexUseCases */ = {isa = PBXFileReference; lastKnownFileType = wrapper; path = SnapdexUseCases; sourceTree = "<group>"; };
		271224B42DB10E090069ABED /* SnapdexUI */ = {isa = PBXFileReference; lastKnownFileType = wrapper; path = SnapdexUI; sourceTree = "<group>"; };
		27468C0D2D9E866700A2ED98 /* CoreML.framework */ = {isa = PBXFileReference; lastKnownFileType = wrapper.framework; name = CoreML.framework; path = Platforms/iPhoneOS.platform/Developer/SDKs/iPhoneOS18.2.sdk/System/Library/Frameworks/CoreML.framework; sourceTree = DEVELOPER_DIR; };
		278673412D9D8A6300C03987 /* Snapdex.app */ = {isa = PBXFileReference; explicitFileType = wrapper.application; includeInIndex = 0; path = Snapdex.app; sourceTree = BUILT_PRODUCTS_DIR; };
		279EC3322DA04F3900DD825D /* GoogleService-Info.plist */ = {isa = PBXFileReference; lastKnownFileType = text.plist.xml; path = "GoogleService-Info.plist"; sourceTree = "<group>"; };
		27B3FC642DB10688008CD634 /* SnapdexDesignSystem */ = {isa = PBXFileReference; lastKnownFileType = wrapper; path = SnapdexDesignSystem; sourceTree = "<group>"; };
/* End PBXFileReference section */

/* Begin PBXFileSystemSynchronizedBuildFileExceptionSet section */
		27A63FC92D9E9C6E005DAF17 /* Exceptions for "Snapdex" folder in "Snapdex" target */ = {
			isa = PBXFileSystemSynchronizedBuildFileExceptionSet;
			membershipExceptions = (
				Info.plist,
			);
			target = 278673402D9D8A6300C03987 /* Snapdex */;
		};
/* End PBXFileSystemSynchronizedBuildFileExceptionSet section */

/* Begin PBXFileSystemSynchronizedRootGroup section */
		278673432D9D8A6300C03987 /* Snapdex */ = {
			isa = PBXFileSystemSynchronizedRootGroup;
			exceptions = (
				27A63FC92D9E9C6E005DAF17 /* Exceptions for "Snapdex" folder in "Snapdex" target */,
			);
			path = Snapdex;
			sourceTree = "<group>";
		};
/* End PBXFileSystemSynchronizedRootGroup section */

/* Begin PBXFrameworksBuildPhase section */
		2786733E2D9D8A6300C03987 /* Frameworks */ = {
			isa = PBXFrameworksBuildPhase;
			buildActionMask = 2147483647;
			files = (
				27EDB2E82DB1113F00615643 /* SnapdexData in Frameworks */,
				279EC31E2DA03BB100DD825D /* GRDB in Frameworks */,
				27EDB2EB2DB1114700615643 /* SnapdexUseCases in Frameworks */,
				27468C0E2D9E866700A2ED98 /* CoreML.framework in Frameworks */,
				27468C022D9E849500A2ED98 /* FirebaseAuth in Frameworks */,
				27EDB2E22DB1112A00615643 /* SnapdexDesignSystem in Frameworks */,
				27468BFA2D9E834500A2ED98 /* Kingfisher in Frameworks */,
				27468C062D9E849500A2ED98 /* FirebaseCrashlytics in Frameworks */,
				27EDB2E52DB1113400615643 /* SnapdexDomain in Frameworks */,
				27468C002D9E849500A2ED98 /* FirebaseAnalytics in Frameworks */,
				27468C082D9E849500A2ED98 /* FirebaseFirestore in Frameworks */,
				27BB7C9E2DCBD38300DA8678 /* MarkdownUI in Frameworks */,
				2723F3152DB7D2860091E0BA /* Flow in Frameworks */,
				27468C042D9E849500A2ED98 /* FirebaseCore in Frameworks */,
				27EDB2EE2DB1114F00615643 /* SnapdexUI in Frameworks */,
				27468BF72D9E82F500A2ED98 /* Alamofire in Frameworks */,
			);
			runOnlyForDeploymentPostprocessing = 0;
		};
/* End PBXFrameworksBuildPhase section */

/* Begin PBXGroup section */
		27468C0C2D9E866700A2ED98 /* Frameworks */ = {
			isa = PBXGroup;
			children = (
				27468C0D2D9E866700A2ED98 /* CoreML.framework */,
			);
			name = Frameworks;
			sourceTree = "<group>";
		};
		278673382D9D8A6300C03987 = {
			isa = PBXGroup;
			children = (
				271224B42DB10E090069ABED /* SnapdexUI */,
				271224B32DB10DC30069ABED /* SnapdexUseCases */,
				271224B22DB10D900069ABED /* SnapdexData */,
				271224B12DB10D490069ABED /* SnapdexDomain */,
				27B3FC642DB10688008CD634 /* SnapdexDesignSystem */,
				278673432D9D8A6300C03987 /* Snapdex */,
				27468C0C2D9E866700A2ED98 /* Frameworks */,
				278673422D9D8A6300C03987 /* Products */,
				279EC3322DA04F3900DD825D /* GoogleService-Info.plist */,
			);
			sourceTree = "<group>";
		};
		278673422D9D8A6300C03987 /* Products */ = {
			isa = PBXGroup;
			children = (
				278673412D9D8A6300C03987 /* Snapdex.app */,
			);
			name = Products;
			sourceTree = "<group>";
		};
/* End PBXGroup section */

/* Begin PBXNativeTarget section */
		278673402D9D8A6300C03987 /* Snapdex */ = {
			isa = PBXNativeTarget;
			buildConfigurationList = 278673502D9D8A6300C03987 /* Build configuration list for PBXNativeTarget "Snapdex" */;
			buildPhases = (
				2786733D2D9D8A6300C03987 /* Sources */,
				2786733E2D9D8A6300C03987 /* Frameworks */,
				2786733F2D9D8A6300C03987 /* Resources */,
			);
			buildRules = (
			);
			dependencies = (
			);
			fileSystemSynchronizedGroups = (
				278673432D9D8A6300C03987 /* Snapdex */,
			);
			name = Snapdex;
			packageProductDependencies = (
				27468BF62D9E82F500A2ED98 /* Alamofire */,
				27468BF92D9E834500A2ED98 /* Kingfisher */,
				27468BFF2D9E849500A2ED98 /* FirebaseAnalytics */,
				27468C012D9E849500A2ED98 /* FirebaseAuth */,
				27468C032D9E849500A2ED98 /* FirebaseCore */,
				27468C052D9E849500A2ED98 /* FirebaseCrashlytics */,
				27468C072D9E849500A2ED98 /* FirebaseFirestore */,
				279EC31D2DA03BB100DD825D /* GRDB */,
				27EDB2E12DB1112A00615643 /* SnapdexDesignSystem */,
				27EDB2E42DB1113400615643 /* SnapdexDomain */,
				27EDB2E72DB1113F00615643 /* SnapdexData */,
				27EDB2EA2DB1114700615643 /* SnapdexUseCases */,
				27EDB2ED2DB1114F00615643 /* SnapdexUI */,
				2723F3142DB7D2860091E0BA /* Flow */,
				27BB7C9D2DCBD38300DA8678 /* MarkdownUI */,
			);
			productName = Snapdex;
			productReference = 278673412D9D8A6300C03987 /* Snapdex.app */;
			productType = "com.apple.product-type.application";
		};
/* End PBXNativeTarget section */

/* Begin PBXProject section */
		278673392D9D8A6300C03987 /* Project object */ = {
			isa = PBXProject;
			attributes = {
				BuildIndependentTargetsInParallel = 1;
				LastSwiftUpdateCheck = 1620;
				LastUpgradeCheck = 1620;
				TargetAttributes = {
					278673402D9D8A6300C03987 = {
						CreatedOnToolsVersion = 16.2;
					};
				};
			};
			buildConfigurationList = 2786733C2D9D8A6300C03987 /* Build configuration list for PBXProject "Snapdex" */;
			developmentRegion = en;
			hasScannedForEncodings = 0;
			knownRegions = (
				en,
				Base,
				fr,
			);
			mainGroup = 278673382D9D8A6300C03987;
			minimizedProjectReferenceProxies = 1;
			packageReferences = (
				27468BF52D9E82F500A2ED98 /* XCRemoteSwiftPackageReference "Alamofire" */,
				27468BF82D9E834500A2ED98 /* XCRemoteSwiftPackageReference "Kingfisher" */,
				27468BFE2D9E849500A2ED98 /* XCRemoteSwiftPackageReference "firebase-ios-sdk" */,
				279EC31C2DA03BB100DD825D /* XCRemoteSwiftPackageReference "GRDB.swift" */,
				27EDB2E02DB1112A00615643 /* XCLocalSwiftPackageReference "SnapdexDesignSystem" */,
				27EDB2E32DB1113400615643 /* XCLocalSwiftPackageReference "SnapdexDomain" */,
				27EDB2E62DB1113F00615643 /* XCLocalSwiftPackageReference "SnapdexData" */,
				27EDB2E92DB1114700615643 /* XCLocalSwiftPackageReference "SnapdexUseCases" */,
				27EDB2EC2DB1114F00615643 /* XCLocalSwiftPackageReference "SnapdexUI" */,
				2723F3132DB7D2860091E0BA /* XCRemoteSwiftPackageReference "SwiftUI-Flow" */,
				27BB7C9C2DCBD38300DA8678 /* XCRemoteSwiftPackageReference "swift-markdown-ui" */,
			);
			preferredProjectObjectVersion = 77;
			productRefGroup = 278673422D9D8A6300C03987 /* Products */;
			projectDirPath = "";
			projectRoot = "";
			targets = (
				278673402D9D8A6300C03987 /* Snapdex */,
			);
		};
/* End PBXProject section */

/* Begin PBXResourcesBuildPhase section */
		2786733F2D9D8A6300C03987 /* Resources */ = {
			isa = PBXResourcesBuildPhase;
			buildActionMask = 2147483647;
			files = (
				279EC3332DA04F3900DD825D /* GoogleService-Info.plist in Resources */,
			);
			runOnlyForDeploymentPostprocessing = 0;
		};
/* End PBXResourcesBuildPhase section */

/* Begin PBXSourcesBuildPhase section */
		2786733D2D9D8A6300C03987 /* Sources */ = {
			isa = PBXSourcesBuildPhase;
			buildActionMask = 2147483647;
			files = (
			);
			runOnlyForDeploymentPostprocessing = 0;
		};
/* End PBXSourcesBuildPhase section */

/* Begin XCBuildConfiguration section */
		2786734E2D9D8A6300C03987 /* Debug */ = {
			isa = XCBuildConfiguration;
			buildSettings = {
				ALWAYS_SEARCH_USER_PATHS = NO;
				ASSETCATALOG_COMPILER_GENERATE_SWIFT_ASSET_SYMBOL_EXTENSIONS = YES;
				CLANG_ANALYZER_NONNULL = YES;
				CLANG_ANALYZER_NUMBER_OBJECT_CONVERSION = YES_AGGRESSIVE;
				CLANG_CXX_LANGUAGE_STANDARD = "gnu++20";
				CLANG_ENABLE_MODULES = YES;
				CLANG_ENABLE_OBJC_ARC = YES;
				CLANG_ENABLE_OBJC_WEAK = YES;
				CLANG_WARN_BLOCK_CAPTURE_AUTORELEASING = YES;
				CLANG_WARN_BOOL_CONVERSION = YES;
				CLANG_WARN_COMMA = YES;
				CLANG_WARN_CONSTANT_CONVERSION = YES;
				CLANG_WARN_DEPRECATED_OBJC_IMPLEMENTATIONS = YES;
				CLANG_WARN_DIRECT_OBJC_ISA_USAGE = YES_ERROR;
				CLANG_WARN_DOCUMENTATION_COMMENTS = YES;
				CLANG_WARN_EMPTY_BODY = YES;
				CLANG_WARN_ENUM_CONVERSION = YES;
				CLANG_WARN_INFINITE_RECURSION = YES;
				CLANG_WARN_INT_CONVERSION = YES;
				CLANG_WARN_NON_LITERAL_NULL_CONVERSION = YES;
				CLANG_WARN_OBJC_IMPLICIT_RETAIN_SELF = YES;
				CLANG_WARN_OBJC_LITERAL_CONVERSION = YES;
				CLANG_WARN_OBJC_ROOT_CLASS = YES_ERROR;
				CLANG_WARN_QUOTED_INCLUDE_IN_FRAMEWORK_HEADER = YES;
				CLANG_WARN_RANGE_LOOP_ANALYSIS = YES;
				CLANG_WARN_STRICT_PROTOTYPES = YES;
				CLANG_WARN_SUSPICIOUS_MOVE = YES;
				CLANG_WARN_UNGUARDED_AVAILABILITY = YES_AGGRESSIVE;
				CLANG_WARN_UNREACHABLE_CODE = YES;
				CLANG_WARN__DUPLICATE_METHOD_MATCH = YES;
				COPY_PHASE_STRIP = NO;
				DEBUG_INFORMATION_FORMAT = dwarf;
				ENABLE_STRICT_OBJC_MSGSEND = YES;
				ENABLE_TESTABILITY = YES;
				ENABLE_USER_SCRIPT_SANDBOXING = YES;
				GCC_C_LANGUAGE_STANDARD = gnu17;
				GCC_DYNAMIC_NO_PIC = NO;
				GCC_NO_COMMON_BLOCKS = YES;
				GCC_OPTIMIZATION_LEVEL = 0;
				GCC_PREPROCESSOR_DEFINITIONS = (
					"DEBUG=1",
					"$(inherited)",
				);
				GCC_WARN_64_TO_32_BIT_CONVERSION = YES;
				GCC_WARN_ABOUT_RETURN_TYPE = YES_ERROR;
				GCC_WARN_UNDECLARED_SELECTOR = YES;
				GCC_WARN_UNINITIALIZED_AUTOS = YES_AGGRESSIVE;
				GCC_WARN_UNUSED_FUNCTION = YES;
				GCC_WARN_UNUSED_VARIABLE = YES;
				LOCALIZATION_PREFERS_STRING_CATALOGS = YES;
				MTL_ENABLE_DEBUG_INFO = INCLUDE_SOURCE;
				MTL_FAST_MATH = YES;
				ONLY_ACTIVE_ARCH = YES;
				SWIFT_ACTIVE_COMPILATION_CONDITIONS = "DEBUG $(inherited)";
				SWIFT_OPTIMIZATION_LEVEL = "-Onone";
			};
			name = Debug;
		};
		2786734F2D9D8A6300C03987 /* Release */ = {
			isa = XCBuildConfiguration;
			buildSettings = {
				ALWAYS_SEARCH_USER_PATHS = NO;
				ASSETCATALOG_COMPILER_GENERATE_SWIFT_ASSET_SYMBOL_EXTENSIONS = YES;
				CLANG_ANALYZER_NONNULL = YES;
				CLANG_ANALYZER_NUMBER_OBJECT_CONVERSION = YES_AGGRESSIVE;
				CLANG_CXX_LANGUAGE_STANDARD = "gnu++20";
				CLANG_ENABLE_MODULES = YES;
				CLANG_ENABLE_OBJC_ARC = YES;
				CLANG_ENABLE_OBJC_WEAK = YES;
				CLANG_WARN_BLOCK_CAPTURE_AUTORELEASING = YES;
				CLANG_WARN_BOOL_CONVERSION = YES;
				CLANG_WARN_COMMA = YES;
				CLANG_WARN_CONSTANT_CONVERSION = YES;
				CLANG_WARN_DEPRECATED_OBJC_IMPLEMENTATIONS = YES;
				CLANG_WARN_DIRECT_OBJC_ISA_USAGE = YES_ERROR;
				CLANG_WARN_DOCUMENTATION_COMMENTS = YES;
				CLANG_WARN_EMPTY_BODY = YES;
				CLANG_WARN_ENUM_CONVERSION = YES;
				CLANG_WARN_INFINITE_RECURSION = YES;
				CLANG_WARN_INT_CONVERSION = YES;
				CLANG_WARN_NON_LITERAL_NULL_CONVERSION = YES;
				CLANG_WARN_OBJC_IMPLICIT_RETAIN_SELF = YES;
				CLANG_WARN_OBJC_LITERAL_CONVERSION = YES;
				CLANG_WARN_OBJC_ROOT_CLASS = YES_ERROR;
				CLANG_WARN_QUOTED_INCLUDE_IN_FRAMEWORK_HEADER = YES;
				CLANG_WARN_RANGE_LOOP_ANALYSIS = YES;
				CLANG_WARN_STRICT_PROTOTYPES = YES;
				CLANG_WARN_SUSPICIOUS_MOVE = YES;
				CLANG_WARN_UNGUARDED_AVAILABILITY = YES_AGGRESSIVE;
				CLANG_WARN_UNREACHABLE_CODE = YES;
				CLANG_WARN__DUPLICATE_METHOD_MATCH = YES;
				COPY_PHASE_STRIP = NO;
				DEBUG_INFORMATION_FORMAT = "dwarf-with-dsym";
				ENABLE_NS_ASSERTIONS = NO;
				ENABLE_STRICT_OBJC_MSGSEND = YES;
				ENABLE_USER_SCRIPT_SANDBOXING = YES;
				GCC_C_LANGUAGE_STANDARD = gnu17;
				GCC_NO_COMMON_BLOCKS = YES;
				GCC_WARN_64_TO_32_BIT_CONVERSION = YES;
				GCC_WARN_ABOUT_RETURN_TYPE = YES_ERROR;
				GCC_WARN_UNDECLARED_SELECTOR = YES;
				GCC_WARN_UNINITIALIZED_AUTOS = YES_AGGRESSIVE;
				GCC_WARN_UNUSED_FUNCTION = YES;
				GCC_WARN_UNUSED_VARIABLE = YES;
				LOCALIZATION_PREFERS_STRING_CATALOGS = YES;
				MTL_ENABLE_DEBUG_INFO = NO;
				MTL_FAST_MATH = YES;
				SWIFT_COMPILATION_MODE = wholemodule;
			};
			name = Release;
		};
		278673512D9D8A6300C03987 /* Debug */ = {
			isa = XCBuildConfiguration;
			buildSettings = {
				ASSETCATALOG_COMPILER_APPICON_NAME = AppIcon;
				ASSETCATALOG_COMPILER_GLOBAL_ACCENT_COLOR_NAME = AccentColor;
				CODE_SIGN_ENTITLEMENTS = Snapdex/Snapdex.entitlements;
				CODE_SIGN_STYLE = Automatic;
				CURRENT_PROJECT_VERSION = 1;
				DEVELOPMENT_ASSET_PATHS = "\"Snapdex/Preview Content\"";
				DEVELOPMENT_TEAM = 6QPDZ967XA;
				ENABLE_HARDENED_RUNTIME = YES;
				ENABLE_PREVIEWS = YES;
				GENERATE_INFOPLIST_FILE = YES;
				INFOPLIST_FILE = Snapdex/Info.plist;
				"INFOPLIST_KEY_UIApplicationSceneManifest_Generation[sdk=iphoneos*]" = YES;
				"INFOPLIST_KEY_UIApplicationSceneManifest_Generation[sdk=iphonesimulator*]" = YES;
				"INFOPLIST_KEY_UIApplicationSupportsIndirectInputEvents[sdk=iphoneos*]" = YES;
				"INFOPLIST_KEY_UIApplicationSupportsIndirectInputEvents[sdk=iphonesimulator*]" = YES;
				"INFOPLIST_KEY_UILaunchScreen_Generation[sdk=iphoneos*]" = YES;
				"INFOPLIST_KEY_UILaunchScreen_Generation[sdk=iphonesimulator*]" = YES;
				"INFOPLIST_KEY_UIStatusBarStyle[sdk=iphoneos*]" = UIStatusBarStyleDefault;
				"INFOPLIST_KEY_UIStatusBarStyle[sdk=iphonesimulator*]" = UIStatusBarStyleDefault;
				INFOPLIST_KEY_UISupportedInterfaceOrientations_iPad = "UIInterfaceOrientationPortrait UIInterfaceOrientationPortraitUpsideDown UIInterfaceOrientationLandscapeLeft UIInterfaceOrientationLandscapeRight";
				INFOPLIST_KEY_UISupportedInterfaceOrientations_iPhone = "UIInterfaceOrientationPortrait UIInterfaceOrientationLandscapeLeft UIInterfaceOrientationLandscapeRight";
				IPHONEOS_DEPLOYMENT_TARGET = 18.2;
				LD_RUNPATH_SEARCH_PATHS = "@executable_path/Frameworks";
				"LD_RUNPATH_SEARCH_PATHS[sdk=macosx*]" = "@executable_path/../Frameworks";
				MACOSX_DEPLOYMENT_TARGET = 15.2;
				MARKETING_VERSION = 1.0;
				PRODUCT_BUNDLE_IDENTIFIER = com.kanoyatech.snapdex;
				PRODUCT_NAME = "$(TARGET_NAME)";
				SDKROOT = auto;
				SUPPORTED_PLATFORMS = "iphoneos iphonesimulator macosx xros xrsimulator";
				SWIFT_EMIT_LOC_STRINGS = YES;
				SWIFT_VERSION = 5.0;
				TARGETED_DEVICE_FAMILY = "1,2,7";
				XROS_DEPLOYMENT_TARGET = 2.2;
			};
			name = Debug;
		};
		278673522D9D8A6300C03987 /* Release */ = {
			isa = XCBuildConfiguration;
			buildSettings = {
				ASSETCATALOG_COMPILER_APPICON_NAME = AppIcon;
				ASSETCATALOG_COMPILER_GLOBAL_ACCENT_COLOR_NAME = AccentColor;
				CODE_SIGN_ENTITLEMENTS = Snapdex/Snapdex.entitlements;
				CODE_SIGN_STYLE = Automatic;
				CURRENT_PROJECT_VERSION = 1;
				DEVELOPMENT_ASSET_PATHS = "\"Snapdex/Preview Content\"";
				DEVELOPMENT_TEAM = 6QPDZ967XA;
				ENABLE_HARDENED_RUNTIME = YES;
				ENABLE_PREVIEWS = YES;
				GENERATE_INFOPLIST_FILE = YES;
				INFOPLIST_FILE = Snapdex/Info.plist;
				"INFOPLIST_KEY_UIApplicationSceneManifest_Generation[sdk=iphoneos*]" = YES;
				"INFOPLIST_KEY_UIApplicationSceneManifest_Generation[sdk=iphonesimulator*]" = YES;
				"INFOPLIST_KEY_UIApplicationSupportsIndirectInputEvents[sdk=iphoneos*]" = YES;
				"INFOPLIST_KEY_UIApplicationSupportsIndirectInputEvents[sdk=iphonesimulator*]" = YES;
				"INFOPLIST_KEY_UILaunchScreen_Generation[sdk=iphoneos*]" = YES;
				"INFOPLIST_KEY_UILaunchScreen_Generation[sdk=iphonesimulator*]" = YES;
				"INFOPLIST_KEY_UIStatusBarStyle[sdk=iphoneos*]" = UIStatusBarStyleDefault;
				"INFOPLIST_KEY_UIStatusBarStyle[sdk=iphonesimulator*]" = UIStatusBarStyleDefault;
				INFOPLIST_KEY_UISupportedInterfaceOrientations_iPad = "UIInterfaceOrientationPortrait UIInterfaceOrientationPortraitUpsideDown UIInterfaceOrientationLandscapeLeft UIInterfaceOrientationLandscapeRight";
				INFOPLIST_KEY_UISupportedInterfaceOrientations_iPhone = "UIInterfaceOrientationPortrait UIInterfaceOrientationLandscapeLeft UIInterfaceOrientationLandscapeRight";
				IPHONEOS_DEPLOYMENT_TARGET = 18.2;
				LD_RUNPATH_SEARCH_PATHS = "@executable_path/Frameworks";
				"LD_RUNPATH_SEARCH_PATHS[sdk=macosx*]" = "@executable_path/../Frameworks";
				MACOSX_DEPLOYMENT_TARGET = 15.2;
				MARKETING_VERSION = 1.0;
				PRODUCT_BUNDLE_IDENTIFIER = com.kanoyatech.snapdex;
				PRODUCT_NAME = "$(TARGET_NAME)";
				SDKROOT = auto;
				SUPPORTED_PLATFORMS = "iphoneos iphonesimulator macosx xros xrsimulator";
				SWIFT_EMIT_LOC_STRINGS = YES;
				SWIFT_VERSION = 5.0;
				TARGETED_DEVICE_FAMILY = "1,2,7";
				XROS_DEPLOYMENT_TARGET = 2.2;
			};
			name = Release;
		};
/* End XCBuildConfiguration section */

/* Begin XCConfigurationList section */
		2786733C2D9D8A6300C03987 /* Build configuration list for PBXProject "Snapdex" */ = {
			isa = XCConfigurationList;
			buildConfigurations = (
				2786734E2D9D8A6300C03987 /* Debug */,
				2786734F2D9D8A6300C03987 /* Release */,
			);
			defaultConfigurationIsVisible = 0;
			defaultConfigurationName = Release;
		};
		278673502D9D8A6300C03987 /* Build configuration list for PBXNativeTarget "Snapdex" */ = {
			isa = XCConfigurationList;
			buildConfigurations = (
				278673512D9D8A6300C03987 /* Debug */,
				278673522D9D8A6300C03987 /* Release */,
			);
			defaultConfigurationIsVisible = 0;
			defaultConfigurationName = Release;
		};
/* End XCConfigurationList section */

/* Begin XCLocalSwiftPackageReference section */
		27EDB2E02DB1112A00615643 /* XCLocalSwiftPackageReference "SnapdexDesignSystem" */ = {
			isa = XCLocalSwiftPackageReference;
			relativePath = SnapdexDesignSystem;
		};
		27EDB2E32DB1113400615643 /* XCLocalSwiftPackageReference "SnapdexDomain" */ = {
			isa = XCLocalSwiftPackageReference;
			relativePath = SnapdexDomain;
		};
		27EDB2E62DB1113F00615643 /* XCLocalSwiftPackageReference "SnapdexData" */ = {
			isa = XCLocalSwiftPackageReference;
			relativePath = SnapdexData;
		};
		27EDB2E92DB1114700615643 /* XCLocalSwiftPackageReference "SnapdexUseCases" */ = {
			isa = XCLocalSwiftPackageReference;
			relativePath = SnapdexUseCases;
		};
		27EDB2EC2DB1114F00615643 /* XCLocalSwiftPackageReference "SnapdexUI" */ = {
			isa = XCLocalSwiftPackageReference;
			relativePath = SnapdexUI;
		};
/* End XCLocalSwiftPackageReference section */

/* Begin XCRemoteSwiftPackageReference section */
		2723F3132DB7D2860091E0BA /* XCRemoteSwiftPackageReference "SwiftUI-Flow" */ = {
			isa = XCRemoteSwiftPackageReference;
			repositoryURL = "https://github.com/tevelee/SwiftUI-Flow";
			requirement = {
				kind = upToNextMajorVersion;
				minimumVersion = 3.0.2;
			};
		};
		27468BF52D9E82F500A2ED98 /* XCRemoteSwiftPackageReference "Alamofire" */ = {
			isa = XCRemoteSwiftPackageReference;
			repositoryURL = "https://github.com/Alamofire/Alamofire.git";
			requirement = {
				kind = upToNextMajorVersion;
				minimumVersion = 5.10.2;
			};
		};
		27468BF82D9E834500A2ED98 /* XCRemoteSwiftPackageReference "Kingfisher" */ = {
			isa = XCRemoteSwiftPackageReference;
			repositoryURL = "https://github.com/onevcat/Kingfisher.git";
			requirement = {
				kind = upToNextMajorVersion;
				minimumVersion = 8.3.1;
			};
		};
		27468BFE2D9E849500A2ED98 /* XCRemoteSwiftPackageReference "firebase-ios-sdk" */ = {
			isa = XCRemoteSwiftPackageReference;
			repositoryURL = "https://github.com/firebase/firebase-ios-sdk";
			requirement = {
				kind = upToNextMajorVersion;
				minimumVersion = 11.11.0;
			};
		};
		279EC31C2DA03BB100DD825D /* XCRemoteSwiftPackageReference "GRDB.swift" */ = {
			isa = XCRemoteSwiftPackageReference;
			repositoryURL = "https://github.com/groue/GRDB.swift.git";
			requirement = {
				branch = master;
				kind = branch;
			};
		};
		27BB7C9C2DCBD38300DA8678 /* XCRemoteSwiftPackageReference "swift-markdown-ui" */ = {
			isa = XCRemoteSwiftPackageReference;
			repositoryURL = "https://github.com/gonzalezreal/swift-markdown-ui.git";
			requirement = {
				kind = upToNextMajorVersion;
				minimumVersion = 2.4.1;
			};
		};
/* End XCRemoteSwiftPackageReference section */

/* Begin XCSwiftPackageProductDependency section */
		2723F3142DB7D2860091E0BA /* Flow */ = {
			isa = XCSwiftPackageProductDependency;
			package = 2723F3132DB7D2860091E0BA /* XCRemoteSwiftPackageReference "SwiftUI-Flow" */;
			productName = Flow;
		};
		27468BF62D9E82F500A2ED98 /* Alamofire */ = {
			isa = XCSwiftPackageProductDependency;
			package = 27468BF52D9E82F500A2ED98 /* XCRemoteSwiftPackageReference "Alamofire" */;
			productName = Alamofire;
		};
		27468BF92D9E834500A2ED98 /* Kingfisher */ = {
			isa = XCSwiftPackageProductDependency;
			package = 27468BF82D9E834500A2ED98 /* XCRemoteSwiftPackageReference "Kingfisher" */;
			productName = Kingfisher;
		};
		27468BFF2D9E849500A2ED98 /* FirebaseAnalytics */ = {
			isa = XCSwiftPackageProductDependency;
			package = 27468BFE2D9E849500A2ED98 /* XCRemoteSwiftPackageReference "firebase-ios-sdk" */;
			productName = FirebaseAnalytics;
		};
		27468C012D9E849500A2ED98 /* FirebaseAuth */ = {
			isa = XCSwiftPackageProductDependency;
			package = 27468BFE2D9E849500A2ED98 /* XCRemoteSwiftPackageReference "firebase-ios-sdk" */;
			productName = FirebaseAuth;
		};
		27468C032D9E849500A2ED98 /* FirebaseCore */ = {
			isa = XCSwiftPackageProductDependency;
			package = 27468BFE2D9E849500A2ED98 /* XCRemoteSwiftPackageReference "firebase-ios-sdk" */;
			productName = FirebaseCore;
		};
		27468C052D9E849500A2ED98 /* FirebaseCrashlytics */ = {
			isa = XCSwiftPackageProductDependency;
			package = 27468BFE2D9E849500A2ED98 /* XCRemoteSwiftPackageReference "firebase-ios-sdk" */;
			productName = FirebaseCrashlytics;
		};
		27468C072D9E849500A2ED98 /* FirebaseFirestore */ = {
			isa = XCSwiftPackageProductDependency;
			package = 27468BFE2D9E849500A2ED98 /* XCRemoteSwiftPackageReference "firebase-ios-sdk" */;
			productName = FirebaseFirestore;
		};
		279EC31D2DA03BB100DD825D /* GRDB */ = {
			isa = XCSwiftPackageProductDependency;
			package = 279EC31C2DA03BB100DD825D /* XCRemoteSwiftPackageReference "GRDB.swift" */;
			productName = GRDB;
		};
		27BB7C9D2DCBD38300DA8678 /* MarkdownUI */ = {
			isa = XCSwiftPackageProductDependency;
			package = 27BB7C9C2DCBD38300DA8678 /* XCRemoteSwiftPackageReference "swift-markdown-ui" */;
			productName = MarkdownUI;
		};
		27EDB2E12DB1112A00615643 /* SnapdexDesignSystem */ = {
			isa = XCSwiftPackageProductDependency;
			productName = SnapdexDesignSystem;
		};
		27EDB2E42DB1113400615643 /* SnapdexDomain */ = {
			isa = XCSwiftPackageProductDependency;
			productName = SnapdexDomain;
		};
		27EDB2E72DB1113F00615643 /* SnapdexData */ = {
			isa = XCSwiftPackageProductDependency;
			productName = SnapdexData;
		};
		27EDB2EA2DB1114700615643 /* SnapdexUseCases */ = {
			isa = XCSwiftPackageProductDependency;
			productName = SnapdexUseCases;
		};
		27EDB2ED2DB1114F00615643 /* SnapdexUI */ = {
			isa = XCSwiftPackageProductDependency;
			productName = SnapdexUI;
		};
/* End XCSwiftPackageProductDependency section */
	};
	rootObject = 278673392D9D8A6300C03987 /* Project object */;
}
